// !$*UTF8*$!
{
	archiveVersion = 1;
	classes = {
	};
	objectVersion = 46;
	objects = {

/* Begin PBXBuildFile section */
		3C13955218FD9E7100762572 /* Foundation.framework in Frameworks */ = {isa = PBXBuildFile; fileRef = 3C13955118FD9E7100762572 /* Foundation.framework */; };
		3C13955418FD9E7100762572 /* CoreGraphics.framework in Frameworks */ = {isa = PBXBuildFile; fileRef = 3C13955318FD9E7100762572 /* CoreGraphics.framework */; };
		3C13955618FD9E7100762572 /* UIKit.framework in Frameworks */ = {isa = PBXBuildFile; fileRef = 3C13955518FD9E7100762572 /* UIKit.framework */; };
		3C13955C18FD9E7100762572 /* InfoPlist.strings in Resources */ = {isa = PBXBuildFile; fileRef = 3C13955A18FD9E7100762572 /* InfoPlist.strings */; };
		3C13955E18FD9E7100762572 /* main.m in Sources */ = {isa = PBXBuildFile; fileRef = 3C13955D18FD9E7100762572 /* main.m */; };
		3C13956218FD9E7100762572 /* AppDelegate.m in Sources */ = {isa = PBXBuildFile; fileRef = 3C13956118FD9E7100762572 /* AppDelegate.m */; };
		3C13956418FD9E7100762572 /* Images.xcassets in Resources */ = {isa = PBXBuildFile; fileRef = 3C13956318FD9E7100762572 /* Images.xcassets */; };
		3C13956B18FD9E7100762572 /* XCTest.framework in Frameworks */ = {isa = PBXBuildFile; fileRef = 3C13956A18FD9E7100762572 /* XCTest.framework */; };
		3C13956C18FD9E7100762572 /* Foundation.framework in Frameworks */ = {isa = PBXBuildFile; fileRef = 3C13955118FD9E7100762572 /* Foundation.framework */; };
		3C13956D18FD9E7100762572 /* UIKit.framework in Frameworks */ = {isa = PBXBuildFile; fileRef = 3C13955518FD9E7100762572 /* UIKit.framework */; };
		3C13957518FD9E7100762572 /* InfoPlist.strings in Resources */ = {isa = PBXBuildFile; fileRef = 3C13957318FD9E7100762572 /* InfoPlist.strings */; };
		3C13957718FD9E7100762572 /* HoloPicsTests.m in Sources */ = {isa = PBXBuildFile; fileRef = 3C13957618FD9E7100762572 /* HoloPicsTests.m */; };
		3C13958518FDA3B400762572 /* PicsCreationViewController.m in Sources */ = {isa = PBXBuildFile; fileRef = 3C13958418FDA3B400762572 /* PicsCreationViewController.m */; };
		3C13958618FDA3B400762572 /* PicsCreationViewController.m in Sources */ = {isa = PBXBuildFile; fileRef = 3C13958418FDA3B400762572 /* PicsCreationViewController.m */; };
		3C13958A18FDA66F00762572 /* Constants.m in Sources */ = {isa = PBXBuildFile; fileRef = 3C13958918FDA66F00762572 /* Constants.m */; };
		3C13958B18FDA66F00762572 /* Constants.m in Sources */ = {isa = PBXBuildFile; fileRef = 3C13958918FDA66F00762572 /* Constants.m */; };
		3C13958D18FDAA3D00762572 /* Main.storyboard in Resources */ = {isa = PBXBuildFile; fileRef = 3C13958C18FDAA3D00762572 /* Main.storyboard */; };
		3C13958E18FDAA3D00762572 /* Main.storyboard in Resources */ = {isa = PBXBuildFile; fileRef = 3C13958C18FDAA3D00762572 /* Main.storyboard */; };
		3C13959218FDACB700762572 /* CameraOverlayView.xib in Resources */ = {isa = PBXBuildFile; fileRef = 3C13959118FDACB700762572 /* CameraOverlayView.xib */; };
		3C13959318FDACB700762572 /* CameraOverlayView.xib in Resources */ = {isa = PBXBuildFile; fileRef = 3C13959118FDACB700762572 /* CameraOverlayView.xib */; };
		3C13959618FDB82400762572 /* ImageUtilities.m in Sources */ = {isa = PBXBuildFile; fileRef = 3C13959518FDB82400762572 /* ImageUtilities.m */; };
		3C13959718FDB82400762572 /* ImageUtilities.m in Sources */ = {isa = PBXBuildFile; fileRef = 3C13959518FDB82400762572 /* ImageUtilities.m */; };
		3C13959918FDBF6B00762572 /* AssetsLibrary.framework in Frameworks */ = {isa = PBXBuildFile; fileRef = 3C13959818FDBF6B00762572 /* AssetsLibrary.framework */; };
		3C13959C18FDBFE700762572 /* GeneralUtilities.m in Sources */ = {isa = PBXBuildFile; fileRef = 3C13959B18FDBFE700762572 /* GeneralUtilities.m */; };
		3C13959D18FDBFE700762572 /* GeneralUtilities.m in Sources */ = {isa = PBXBuildFile; fileRef = 3C13959B18FDBFE700762572 /* GeneralUtilities.m */; };
		3C1395A018FDEF8E00762572 /* holoImageView.m in Sources */ = {isa = PBXBuildFile; fileRef = 3C13959F18FDEF8E00762572 /* holoImageView.m */; };
		3C1395A118FDEF8E00762572 /* holoImageView.m in Sources */ = {isa = PBXBuildFile; fileRef = 3C13959F18FDEF8E00762572 /* holoImageView.m */; };
		3C1395A419006BDC00762572 /* camera-quit-button.png in Resources */ = {isa = PBXBuildFile; fileRef = 3C1395A219006BDC00762572 /* camera-quit-button.png */; };
		3C1395A519006BDC00762572 /* camera-quit-button.png in Resources */ = {isa = PBXBuildFile; fileRef = 3C1395A219006BDC00762572 /* camera-quit-button.png */; };
		3C1395A619006BDC00762572 /* camera-quit-button@2x~iphone.png in Resources */ = {isa = PBXBuildFile; fileRef = 3C1395A319006BDC00762572 /* camera-quit-button@2x~iphone.png */; };
		3C1395A719006BDC00762572 /* camera-quit-button@2x~iphone.png in Resources */ = {isa = PBXBuildFile; fileRef = 3C1395A319006BDC00762572 /* camera-quit-button@2x~iphone.png */; };
		3C1395AA19006C4100762572 /* camera-flip-button.png in Resources */ = {isa = PBXBuildFile; fileRef = 3C1395A819006C4100762572 /* camera-flip-button.png */; };
		3C1395AB19006C4100762572 /* camera-flip-button.png in Resources */ = {isa = PBXBuildFile; fileRef = 3C1395A819006C4100762572 /* camera-flip-button.png */; };
		3C1395AC19006C4100762572 /* camera-flip-button@2x~iphone.png in Resources */ = {isa = PBXBuildFile; fileRef = 3C1395A919006C4100762572 /* camera-flip-button@2x~iphone.png */; };
		3C1395AD19006C4100762572 /* camera-flip-button@2x~iphone.png in Resources */ = {isa = PBXBuildFile; fileRef = 3C1395A919006C4100762572 /* camera-flip-button@2x~iphone.png */; };
/* End PBXBuildFile section */

/* Begin PBXContainerItemProxy section */
		3C13956E18FD9E7100762572 /* PBXContainerItemProxy */ = {
			isa = PBXContainerItemProxy;
			containerPortal = 3C13954618FD9E7100762572 /* Project object */;
			proxyType = 1;
			remoteGlobalIDString = 3C13954D18FD9E7100762572;
			remoteInfo = HoloPics;
		};
/* End PBXContainerItemProxy section */

/* Begin PBXFileReference section */
		3C13954E18FD9E7100762572 /* HoloPics.app */ = {isa = PBXFileReference; explicitFileType = wrapper.application; includeInIndex = 0; path = HoloPics.app; sourceTree = BUILT_PRODUCTS_DIR; };
		3C13955118FD9E7100762572 /* Foundation.framework */ = {isa = PBXFileReference; lastKnownFileType = wrapper.framework; name = Foundation.framework; path = System/Library/Frameworks/Foundation.framework; sourceTree = SDKROOT; };
		3C13955318FD9E7100762572 /* CoreGraphics.framework */ = {isa = PBXFileReference; lastKnownFileType = wrapper.framework; name = CoreGraphics.framework; path = System/Library/Frameworks/CoreGraphics.framework; sourceTree = SDKROOT; };
		3C13955518FD9E7100762572 /* UIKit.framework */ = {isa = PBXFileReference; lastKnownFileType = wrapper.framework; name = UIKit.framework; path = System/Library/Frameworks/UIKit.framework; sourceTree = SDKROOT; };
		3C13955918FD9E7100762572 /* HoloPics-Info.plist */ = {isa = PBXFileReference; lastKnownFileType = text.plist.xml; path = "HoloPics-Info.plist"; sourceTree = "<group>"; };
		3C13955B18FD9E7100762572 /* en */ = {isa = PBXFileReference; lastKnownFileType = text.plist.strings; name = en; path = en.lproj/InfoPlist.strings; sourceTree = "<group>"; };
		3C13955D18FD9E7100762572 /* main.m */ = {isa = PBXFileReference; lastKnownFileType = sourcecode.c.objc; path = main.m; sourceTree = "<group>"; };
		3C13955F18FD9E7100762572 /* HoloPics-Prefix.pch */ = {isa = PBXFileReference; lastKnownFileType = sourcecode.c.h; path = "HoloPics-Prefix.pch"; sourceTree = "<group>"; };
		3C13956018FD9E7100762572 /* AppDelegate.h */ = {isa = PBXFileReference; lastKnownFileType = sourcecode.c.h; name = AppDelegate.h; path = ../AppDelegate.h; sourceTree = "<group>"; };
		3C13956118FD9E7100762572 /* AppDelegate.m */ = {isa = PBXFileReference; lastKnownFileType = sourcecode.c.objc; name = AppDelegate.m; path = ../AppDelegate.m; sourceTree = "<group>"; };
		3C13956318FD9E7100762572 /* Images.xcassets */ = {isa = PBXFileReference; lastKnownFileType = folder.assetcatalog; name = Images.xcassets; path = ../Images.xcassets; sourceTree = "<group>"; };
		3C13956918FD9E7100762572 /* HoloPicsTests.xctest */ = {isa = PBXFileReference; explicitFileType = wrapper.cfbundle; includeInIndex = 0; path = HoloPicsTests.xctest; sourceTree = BUILT_PRODUCTS_DIR; };
		3C13956A18FD9E7100762572 /* XCTest.framework */ = {isa = PBXFileReference; lastKnownFileType = wrapper.framework; name = XCTest.framework; path = Library/Frameworks/XCTest.framework; sourceTree = DEVELOPER_DIR; };
		3C13957218FD9E7100762572 /* HoloPicsTests-Info.plist */ = {isa = PBXFileReference; lastKnownFileType = text.plist.xml; path = "HoloPicsTests-Info.plist"; sourceTree = "<group>"; };
		3C13957418FD9E7100762572 /* en */ = {isa = PBXFileReference; lastKnownFileType = text.plist.strings; name = en; path = en.lproj/InfoPlist.strings; sourceTree = "<group>"; };
		3C13957618FD9E7100762572 /* HoloPicsTests.m */ = {isa = PBXFileReference; lastKnownFileType = sourcecode.c.objc; path = HoloPicsTests.m; sourceTree = "<group>"; };
		3C13958318FDA3B400762572 /* PicsCreationViewController.h */ = {isa = PBXFileReference; fileEncoding = 4; lastKnownFileType = sourcecode.c.h; path = PicsCreationViewController.h; sourceTree = "<group>"; };
		3C13958418FDA3B400762572 /* PicsCreationViewController.m */ = {isa = PBXFileReference; fileEncoding = 4; lastKnownFileType = sourcecode.c.objc; path = PicsCreationViewController.m; sourceTree = "<group>"; };
		3C13958818FDA66F00762572 /* Constants.h */ = {isa = PBXFileReference; fileEncoding = 4; lastKnownFileType = sourcecode.c.h; path = Constants.h; sourceTree = "<group>"; };
		3C13958918FDA66F00762572 /* Constants.m */ = {isa = PBXFileReference; fileEncoding = 4; lastKnownFileType = sourcecode.c.objc; path = Constants.m; sourceTree = "<group>"; };
		3C13958C18FDAA3D00762572 /* Main.storyboard */ = {isa = PBXFileReference; fileEncoding = 4; lastKnownFileType = file.storyboard; name = Main.storyboard; path = ../Main.storyboard; sourceTree = "<group>"; };
		3C13959118FDACB700762572 /* CameraOverlayView.xib */ = {isa = PBXFileReference; fileEncoding = 4; lastKnownFileType = file.xib; path = CameraOverlayView.xib; sourceTree = "<group>"; };
		3C13959418FDB82400762572 /* ImageUtilities.h */ = {isa = PBXFileReference; fileEncoding = 4; lastKnownFileType = sourcecode.c.h; path = ImageUtilities.h; sourceTree = "<group>"; };
		3C13959518FDB82400762572 /* ImageUtilities.m */ = {isa = PBXFileReference; fileEncoding = 4; lastKnownFileType = sourcecode.c.objc; path = ImageUtilities.m; sourceTree = "<group>"; };
		3C13959818FDBF6B00762572 /* AssetsLibrary.framework */ = {isa = PBXFileReference; lastKnownFileType = wrapper.framework; name = AssetsLibrary.framework; path = System/Library/Frameworks/AssetsLibrary.framework; sourceTree = SDKROOT; };
		3C13959A18FDBFE700762572 /* GeneralUtilities.h */ = {isa = PBXFileReference; fileEncoding = 4; lastKnownFileType = sourcecode.c.h; path = GeneralUtilities.h; sourceTree = "<group>"; };
		3C13959B18FDBFE700762572 /* GeneralUtilities.m */ = {isa = PBXFileReference; fileEncoding = 4; lastKnownFileType = sourcecode.c.objc; path = GeneralUtilities.m; sourceTree = "<group>"; };
		3C13959E18FDEF8E00762572 /* holoImageView.h */ = {isa = PBXFileReference; fileEncoding = 4; lastKnownFileType = sourcecode.c.h; path = holoImageView.h; sourceTree = "<group>"; };
		3C13959F18FDEF8E00762572 /* holoImageView.m */ = {isa = PBXFileReference; fileEncoding = 4; lastKnownFileType = sourcecode.c.objc; path = holoImageView.m; sourceTree = "<group>"; };
		3C1395A219006BDC00762572 /* camera-quit-button.png */ = {isa = PBXFileReference; lastKnownFileType = image.png; path = "camera-quit-button.png"; sourceTree = "<group>"; };
		3C1395A319006BDC00762572 /* camera-quit-button@2x~iphone.png */ = {isa = PBXFileReference; lastKnownFileType = image.png; path = "camera-quit-button@2x~iphone.png"; sourceTree = "<group>"; };
		3C1395A819006C4100762572 /* camera-flip-button.png */ = {isa = PBXFileReference; lastKnownFileType = image.png; path = "camera-flip-button.png"; sourceTree = "<group>"; };
		3C1395A919006C4100762572 /* camera-flip-button@2x~iphone.png */ = {isa = PBXFileReference; lastKnownFileType = image.png; path = "camera-flip-button@2x~iphone.png"; sourceTree = "<group>"; };
/* End PBXFileReference section */

/* Begin PBXFrameworksBuildPhase section */
		3C13954B18FD9E7100762572 /* Frameworks */ = {
			isa = PBXFrameworksBuildPhase;
			buildActionMask = 2147483647;
			files = (
				3C13959918FDBF6B00762572 /* AssetsLibrary.framework in Frameworks */,
				3C13955418FD9E7100762572 /* CoreGraphics.framework in Frameworks */,
				3C13955618FD9E7100762572 /* UIKit.framework in Frameworks */,
				3C13955218FD9E7100762572 /* Foundation.framework in Frameworks */,
			);
			runOnlyForDeploymentPostprocessing = 0;
		};
		3C13956618FD9E7100762572 /* Frameworks */ = {
			isa = PBXFrameworksBuildPhase;
			buildActionMask = 2147483647;
			files = (
				3C13956B18FD9E7100762572 /* XCTest.framework in Frameworks */,
				3C13956D18FD9E7100762572 /* UIKit.framework in Frameworks */,
				3C13956C18FD9E7100762572 /* Foundation.framework in Frameworks */,
			);
			runOnlyForDeploymentPostprocessing = 0;
		};
/* End PBXFrameworksBuildPhase section */

/* Begin PBXGroup section */
		3C13954518FD9E7100762572 = {
			isa = PBXGroup;
			children = (
				3C13955718FD9E7100762572 /* HoloPics */,
				3C13957018FD9E7100762572 /* HoloPicsTests */,
				3C13955018FD9E7100762572 /* Frameworks */,
				3C13954F18FD9E7100762572 /* Products */,
			);
			sourceTree = "<group>";
		};
		3C13954F18FD9E7100762572 /* Products */ = {
			isa = PBXGroup;
			children = (
				3C13954E18FD9E7100762572 /* HoloPics.app */,
				3C13956918FD9E7100762572 /* HoloPicsTests.xctest */,
			);
			name = Products;
			sourceTree = "<group>";
		};
		3C13955018FD9E7100762572 /* Frameworks */ = {
			isa = PBXGroup;
			children = (
				3C13959818FDBF6B00762572 /* AssetsLibrary.framework */,
				3C13955118FD9E7100762572 /* Foundation.framework */,
				3C13955318FD9E7100762572 /* CoreGraphics.framework */,
				3C13955518FD9E7100762572 /* UIKit.framework */,
				3C13956A18FD9E7100762572 /* XCTest.framework */,
			);
			name = Frameworks;
			sourceTree = "<group>";
		};
		3C13955718FD9E7100762572 /* HoloPics */ = {
			isa = PBXGroup;
			children = (
				3C13955818FD9E7100762572 /* Supporting Files */,
				3C13958F18FDABDA00762572 /* Interface */,
				3C13958718FDA65100762572 /* Utilities */,
				3C13959018FDAC2A00762572 /* Assets */,
				3C13958218FDA37400762572 /* Controllers */,
			);
			path = HoloPics;
			sourceTree = "<group>";
		};
		3C13955818FD9E7100762572 /* Supporting Files */ = {
			isa = PBXGroup;
			children = (
				3C13955918FD9E7100762572 /* HoloPics-Info.plist */,
				3C13955A18FD9E7100762572 /* InfoPlist.strings */,
				3C13955D18FD9E7100762572 /* main.m */,
				3C13955F18FD9E7100762572 /* HoloPics-Prefix.pch */,
			);
			name = "Supporting Files";
			sourceTree = "<group>";
		};
		3C13957018FD9E7100762572 /* HoloPicsTests */ = {
			isa = PBXGroup;
			children = (
				3C13957618FD9E7100762572 /* HoloPicsTests.m */,
				3C13957118FD9E7100762572 /* Supporting Files */,
			);
			path = HoloPicsTests;
			sourceTree = "<group>";
		};
		3C13957118FD9E7100762572 /* Supporting Files */ = {
			isa = PBXGroup;
			children = (
				3C13957218FD9E7100762572 /* HoloPicsTests-Info.plist */,
				3C13957318FD9E7100762572 /* InfoPlist.strings */,
			);
			name = "Supporting Files";
			sourceTree = "<group>";
		};
		3C13958218FDA37400762572 /* Controllers */ = {
			isa = PBXGroup;
			children = (
				3C13958318FDA3B400762572 /* PicsCreationViewController.h */,
				3C13958418FDA3B400762572 /* PicsCreationViewController.m */,
			);
			path = Controllers;
			sourceTree = "<group>";
		};
		3C13958718FDA65100762572 /* Utilities */ = {
			isa = PBXGroup;
			children = (
				3C13956018FD9E7100762572 /* AppDelegate.h */,
				3C13956118FD9E7100762572 /* AppDelegate.m */,
				3C13958818FDA66F00762572 /* Constants.h */,
				3C13958918FDA66F00762572 /* Constants.m */,
				3C13959418FDB82400762572 /* ImageUtilities.h */,
				3C13959518FDB82400762572 /* ImageUtilities.m */,
				3C13959A18FDBFE700762572 /* GeneralUtilities.h */,
				3C13959B18FDBFE700762572 /* GeneralUtilities.m */,
				3C13959E18FDEF8E00762572 /* holoImageView.h */,
				3C13959F18FDEF8E00762572 /* holoImageView.m */,
			);
			path = Utilities;
			sourceTree = "<group>";
		};
		3C13958F18FDABDA00762572 /* Interface */ = {
			isa = PBXGroup;
			children = (
				3C13958C18FDAA3D00762572 /* Main.storyboard */,
				3C13956318FD9E7100762572 /* Images.xcassets */,
				3C13959118FDACB700762572 /* CameraOverlayView.xib */,
			);
			path = Interface;
			sourceTree = "<group>";
		};
		3C13959018FDAC2A00762572 /* Assets */ = {
			isa = PBXGroup;
			children = (
				3C1395A819006C4100762572 /* camera-flip-button.png */,
				3C1395A919006C4100762572 /* camera-flip-button@2x~iphone.png */,
				3C1395A219006BDC00762572 /* camera-quit-button.png */,
				3C1395A319006BDC00762572 /* camera-quit-button@2x~iphone.png */,
			);
			path = Assets;
			sourceTree = "<group>";
		};
/* End PBXGroup section */

/* Begin PBXNativeTarget section */
		3C13954D18FD9E7100762572 /* HoloPics */ = {
			isa = PBXNativeTarget;
			buildConfigurationList = 3C13957A18FD9E7100762572 /* Build configuration list for PBXNativeTarget "HoloPics" */;
			buildPhases = (
				3C13954A18FD9E7100762572 /* Sources */,
				3C13954B18FD9E7100762572 /* Frameworks */,
				3C13954C18FD9E7100762572 /* Resources */,
			);
			buildRules = (
			);
			dependencies = (
			);
			name = HoloPics;
			productName = HoloPics;
			productReference = 3C13954E18FD9E7100762572 /* HoloPics.app */;
			productType = "com.apple.product-type.application";
		};
		3C13956818FD9E7100762572 /* HoloPicsTests */ = {
			isa = PBXNativeTarget;
			buildConfigurationList = 3C13957D18FD9E7100762572 /* Build configuration list for PBXNativeTarget "HoloPicsTests" */;
			buildPhases = (
				3C13956518FD9E7100762572 /* Sources */,
				3C13956618FD9E7100762572 /* Frameworks */,
				3C13956718FD9E7100762572 /* Resources */,
			);
			buildRules = (
			);
			dependencies = (
				3C13956F18FD9E7100762572 /* PBXTargetDependency */,
			);
			name = HoloPicsTests;
			productName = HoloPicsTests;
			productReference = 3C13956918FD9E7100762572 /* HoloPicsTests.xctest */;
			productType = "com.apple.product-type.bundle.unit-test";
		};
/* End PBXNativeTarget section */

/* Begin PBXProject section */
		3C13954618FD9E7100762572 /* Project object */ = {
			isa = PBXProject;
			attributes = {
				LastUpgradeCheck = 0510;
				ORGANIZATIONNAME = "Baptiste Truchot";
				TargetAttributes = {
					3C13956818FD9E7100762572 = {
						TestTargetID = 3C13954D18FD9E7100762572;
					};
				};
			};
			buildConfigurationList = 3C13954918FD9E7100762572 /* Build configuration list for PBXProject "HoloPics" */;
			compatibilityVersion = "Xcode 3.2";
			developmentRegion = English;
			hasScannedForEncodings = 0;
			knownRegions = (
				en,
			);
			mainGroup = 3C13954518FD9E7100762572;
			productRefGroup = 3C13954F18FD9E7100762572 /* Products */;
			projectDirPath = "";
			projectRoot = "";
			targets = (
				3C13954D18FD9E7100762572 /* HoloPics */,
				3C13956818FD9E7100762572 /* HoloPicsTests */,
			);
		};
/* End PBXProject section */

/* Begin PBXResourcesBuildPhase section */
		3C13954C18FD9E7100762572 /* Resources */ = {
			isa = PBXResourcesBuildPhase;
			buildActionMask = 2147483647;
			files = (
				3C1395AC19006C4100762572 /* camera-flip-button@2x~iphone.png in Resources */,
				3C1395A419006BDC00762572 /* camera-quit-button.png in Resources */,
				3C1395AA19006C4100762572 /* camera-flip-button.png in Resources */,
				3C13959218FDACB700762572 /* CameraOverlayView.xib in Resources */,
				3C1395A619006BDC00762572 /* camera-quit-button@2x~iphone.png in Resources */,
				3C13958D18FDAA3D00762572 /* Main.storyboard in Resources */,
				3C13955C18FD9E7100762572 /* InfoPlist.strings in Resources */,
				3C13956418FD9E7100762572 /* Images.xcassets in Resources */,
			);
			runOnlyForDeploymentPostprocessing = 0;
		};
		3C13956718FD9E7100762572 /* Resources */ = {
			isa = PBXResourcesBuildPhase;
			buildActionMask = 2147483647;
			files = (
				3C13957518FD9E7100762572 /* InfoPlist.strings in Resources */,
				3C13959318FDACB700762572 /* CameraOverlayView.xib in Resources */,
				3C1395AD19006C4100762572 /* camera-flip-button@2x~iphone.png in Resources */,
				3C1395A719006BDC00762572 /* camera-quit-button@2x~iphone.png in Resources */,
				3C13958E18FDAA3D00762572 /* Main.storyboard in Resources */,
				3C1395A519006BDC00762572 /* camera-quit-button.png in Resources */,
				3C1395AB19006C4100762572 /* camera-flip-button.png in Resources */,
			);
			runOnlyForDeploymentPostprocessing = 0;
		};
/* End PBXResourcesBuildPhase section */

/* Begin PBXSourcesBuildPhase section */
		3C13954A18FD9E7100762572 /* Sources */ = {
			isa = PBXSourcesBuildPhase;
			buildActionMask = 2147483647;
			files = (
				3C13958518FDA3B400762572 /* PicsCreationViewController.m in Sources */,
				3C13956218FD9E7100762572 /* AppDelegate.m in Sources */,
				3C13959618FDB82400762572 /* ImageUtilities.m in Sources */,
				3C13959C18FDBFE700762572 /* GeneralUtilities.m in Sources */,
				3C13955E18FD9E7100762572 /* main.m in Sources */,
				3C13958A18FDA66F00762572 /* Constants.m in Sources */,
				3C1395A018FDEF8E00762572 /* holoImageView.m in Sources */,
			);
			runOnlyForDeploymentPostprocessing = 0;
		};
		3C13956518FD9E7100762572 /* Sources */ = {
			isa = PBXSourcesBuildPhase;
			buildActionMask = 2147483647;
			files = (
				3C1395A118FDEF8E00762572 /* holoImageView.m in Sources */,
				3C13958618FDA3B400762572 /* PicsCreationViewController.m in Sources */,
				3C13957718FD9E7100762572 /* HoloPicsTests.m in Sources */,
				3C13959718FDB82400762572 /* ImageUtilities.m in Sources */,
				3C13959D18FDBFE700762572 /* GeneralUtilities.m in Sources */,
				3C13958B18FDA66F00762572 /* Constants.m in Sources */,
			);
			runOnlyForDeploymentPostprocessing = 0;
		};
/* End PBXSourcesBuildPhase section */

/* Begin PBXTargetDependency section */
		3C13956F18FD9E7100762572 /* PBXTargetDependency */ = {
			isa = PBXTargetDependency;
			target = 3C13954D18FD9E7100762572 /* HoloPics */;
			targetProxy = 3C13956E18FD9E7100762572 /* PBXContainerItemProxy */;
		};
/* End PBXTargetDependency section */

/* Begin PBXVariantGroup section */
		3C13955A18FD9E7100762572 /* InfoPlist.strings */ = {
			isa = PBXVariantGroup;
			children = (
				3C13955B18FD9E7100762572 /* en */,
			);
			name = InfoPlist.strings;
			sourceTree = "<group>";
		};
		3C13957318FD9E7100762572 /* InfoPlist.strings */ = {
			isa = PBXVariantGroup;
			children = (
				3C13957418FD9E7100762572 /* en */,
			);
			name = InfoPlist.strings;
			sourceTree = "<group>";
		};
/* End PBXVariantGroup section */

/* Begin XCBuildConfiguration section */
		3C13957818FD9E7100762572 /* Debug */ = {
			isa = XCBuildConfiguration;
			buildSettings = {
				ALWAYS_SEARCH_USER_PATHS = NO;
				CLANG_CXX_LANGUAGE_STANDARD = "gnu++0x";
				CLANG_CXX_LIBRARY = "libc++";
				CLANG_ENABLE_MODULES = YES;
				CLANG_ENABLE_OBJC_ARC = YES;
				CLANG_WARN_BOOL_CONVERSION = YES;
				CLANG_WARN_CONSTANT_CONVERSION = YES;
				CLANG_WARN_DIRECT_OBJC_ISA_USAGE = YES_ERROR;
				CLANG_WARN_EMPTY_BODY = YES;
				CLANG_WARN_ENUM_CONVERSION = YES;
				CLANG_WARN_INT_CONVERSION = YES;
				CLANG_WARN_OBJC_ROOT_CLASS = YES_ERROR;
				CLANG_WARN__DUPLICATE_METHOD_MATCH = YES;
				"CODE_SIGN_IDENTITY[sdk=iphoneos*]" = "iPhone Developer";
				COPY_PHASE_STRIP = NO;
				GCC_C_LANGUAGE_STANDARD = gnu99;
				GCC_DYNAMIC_NO_PIC = NO;
				GCC_OPTIMIZATION_LEVEL = 0;
				GCC_PREPROCESSOR_DEFINITIONS = (
					"DEBUG=1",
					"$(inherited)",
				);
				GCC_SYMBOLS_PRIVATE_EXTERN = NO;
				GCC_WARN_64_TO_32_BIT_CONVERSION = YES;
				GCC_WARN_ABOUT_RETURN_TYPE = YES_ERROR;
				GCC_WARN_UNDECLARED_SELECTOR = YES;
				GCC_WARN_UNINITIALIZED_AUTOS = YES_AGGRESSIVE;
				GCC_WARN_UNUSED_FUNCTION = YES;
				GCC_WARN_UNUSED_VARIABLE = YES;
				IPHONEOS_DEPLOYMENT_TARGET = 7.1;
				ONLY_ACTIVE_ARCH = YES;
				SDKROOT = iphoneos;
			};
			name = Debug;
		};
		3C13957918FD9E7100762572 /* Release */ = {
			isa = XCBuildConfiguration;
			buildSettings = {
				ALWAYS_SEARCH_USER_PATHS = NO;
				CLANG_CXX_LANGUAGE_STANDARD = "gnu++0x";
				CLANG_CXX_LIBRARY = "libc++";
				CLANG_ENABLE_MODULES = YES;
				CLANG_ENABLE_OBJC_ARC = YES;
				CLANG_WARN_BOOL_CONVERSION = YES;
				CLANG_WARN_CONSTANT_CONVERSION = YES;
				CLANG_WARN_DIRECT_OBJC_ISA_USAGE = YES_ERROR;
				CLANG_WARN_EMPTY_BODY = YES;
				CLANG_WARN_ENUM_CONVERSION = YES;
				CLANG_WARN_INT_CONVERSION = YES;
				CLANG_WARN_OBJC_ROOT_CLASS = YES_ERROR;
				CLANG_WARN__DUPLICATE_METHOD_MATCH = YES;
				"CODE_SIGN_IDENTITY[sdk=iphoneos*]" = "iPhone Developer";
				COPY_PHASE_STRIP = YES;
				ENABLE_NS_ASSERTIONS = NO;
				GCC_C_LANGUAGE_STANDARD = gnu99;
				GCC_WARN_64_TO_32_BIT_CONVERSION = YES;
				GCC_WARN_ABOUT_RETURN_TYPE = YES_ERROR;
				GCC_WARN_UNDECLARED_SELECTOR = YES;
				GCC_WARN_UNINITIALIZED_AUTOS = YES_AGGRESSIVE;
				GCC_WARN_UNUSED_FUNCTION = YES;
				GCC_WARN_UNUSED_VARIABLE = YES;
				IPHONEOS_DEPLOYMENT_TARGET = 7.1;
				SDKROOT = iphoneos;
				VALIDATE_PRODUCT = YES;
			};
			name = Release;
		};
		3C13957B18FD9E7100762572 /* Debug */ = {
			isa = XCBuildConfiguration;
			buildSettings = {
				ASSETCATALOG_COMPILER_APPICON_NAME = AppIcon;
				ASSETCATALOG_COMPILER_LAUNCHIMAGE_NAME = LaunchImage;
				GCC_PRECOMPILE_PREFIX_HEADER = YES;
				GCC_PREFIX_HEADER = "HoloPics/HoloPics-Prefix.pch";
				INFOPLIST_FILE = "HoloPics/HoloPics-Info.plist";
				PRODUCT_NAME = "$(TARGET_NAME)";
				WRAPPER_EXTENSION = app;
			};
			name = Debug;
		};
		3C13957C18FD9E7100762572 /* Release */ = {
			isa = XCBuildConfiguration;
			buildSettings = {
				ASSETCATALOG_COMPILER_APPICON_NAME = AppIcon;
				ASSETCATALOG_COMPILER_LAUNCHIMAGE_NAME = LaunchImage;
				GCC_PRECOMPILE_PREFIX_HEADER = YES;
				GCC_PREFIX_HEADER = "HoloPics/HoloPics-Prefix.pch";
				INFOPLIST_FILE = "HoloPics/HoloPics-Info.plist";
				PRODUCT_NAME = "$(TARGET_NAME)";
				WRAPPER_EXTENSION = app;
			};
			name = Release;
		};
		3C13957E18FD9E7100762572 /* Debug */ = {
			isa = XCBuildConfiguration;
			buildSettings = {
				BUNDLE_LOADER = "$(BUILT_PRODUCTS_DIR)/HoloPics.app/HoloPics";
				FRAMEWORK_SEARCH_PATHS = (
					"$(SDKROOT)/Developer/Library/Frameworks",
					"$(inherited)",
					"$(DEVELOPER_FRAMEWORKS_DIR)",
				);
				GCC_PRECOMPILE_PREFIX_HEADER = YES;
				GCC_PREFIX_HEADER = "HoloPics/HoloPics-Prefix.pch";
				GCC_PREPROCESSOR_DEFINITIONS = (
					"DEBUG=1",
					"$(inherited)",
				);
				INFOPLIST_FILE = "HoloPicsTests/HoloPicsTests-Info.plist";
				PRODUCT_NAME = "$(TARGET_NAME)";
				TEST_HOST = "$(BUNDLE_LOADER)";
				WRAPPER_EXTENSION = xctest;
			};
			name = Debug;
		};
		3C13957F18FD9E7100762572 /* Release */ = {
			isa = XCBuildConfiguration;
			buildSettings = {
				BUNDLE_LOADER = "$(BUILT_PRODUCTS_DIR)/HoloPics.app/HoloPics";
				FRAMEWORK_SEARCH_PATHS = (
					"$(SDKROOT)/Developer/Library/Frameworks",
					"$(inherited)",
					"$(DEVELOPER_FRAMEWORKS_DIR)",
				);
				GCC_PRECOMPILE_PREFIX_HEADER = YES;
				GCC_PREFIX_HEADER = "HoloPics/HoloPics-Prefix.pch";
				INFOPLIST_FILE = "HoloPicsTests/HoloPicsTests-Info.plist";
				PRODUCT_NAME = "$(TARGET_NAME)";
				TEST_HOST = "$(BUNDLE_LOADER)";
				WRAPPER_EXTENSION = xctest;
			};
			name = Release;
		};
/* End XCBuildConfiguration section */

/* Begin XCConfigurationList section */
		3C13954918FD9E7100762572 /* Build configuration list for PBXProject "HoloPics" */ = {
			isa = XCConfigurationList;
			buildConfigurations = (
				3C13957818FD9E7100762572 /* Debug */,
				3C13957918FD9E7100762572 /* Release */,
			);
			defaultConfigurationIsVisible = 0;
			defaultConfigurationName = Release;
		};
		3C13957A18FD9E7100762572 /* Build configuration list for PBXNativeTarget "HoloPics" */ = {
			isa = XCConfigurationList;
			buildConfigurations = (
				3C13957B18FD9E7100762572 /* Debug */,
				3C13957C18FD9E7100762572 /* Release */,
			);
			defaultConfigurationIsVisible = 0;
			defaultConfigurationName = Release;
		};
		3C13957D18FD9E7100762572 /* Build configuration list for PBXNativeTarget "HoloPicsTests" */ = {
			isa = XCConfigurationList;
			buildConfigurations = (
				3C13957E18FD9E7100762572 /* Debug */,
				3C13957F18FD9E7100762572 /* Release */,
			);
			defaultConfigurationIsVisible = 0;
			defaultConfigurationName = Release;
		};
/* End XCConfigurationList section */
	};
	rootObject = 3C13954618FD9E7100762572 /* Project object */;
}
